
Microsoft Visual Studio Solution File, Format Version 12.00
# Visual Studio Version 17
VisualStudioVersion = 17.5.33530.505
MinimumVisualStudioVersion = 10.0.40219.1
Project("{FAE04EC0-301F-11D3-BF4B-00C04F79EFBC}") = "Databaze_pojistencu", "Databaze_pojistencu\Databaze_pojistencu.csproj", "{129D6906-2D78-43AA-BCD2-C6F773AF2FF6}"
EndProject
Global
	GlobalSection(SolutionConfigurationPlatforms) = preSolution
		Debug|Any CPU = Debug|Any CPU
		Release|Any CPU = Release|Any CPU
	EndGlobalSection
	GlobalSection(ProjectConfigurationPlatforms) = postSolution
		{129D6906-2D78-43AA-BCD2-C6F773AF2FF6}.Debug|Any CPU.ActiveCfg = Debug|Any CPU
		{129D6906-2D78-43AA-BCD2-C6F773AF2FF6}.Debug|Any CPU.Build.0 = Debug|Any CPU
		{129D6906-2D78-43AA-BCD2-C6F773AF2FF6}.Release|Any CPU.ActiveCfg = Release|Any CPU
		{129D6906-2D78-43AA-BCD2-C6F773AF2FF6}.Release|Any CPU.Build.0 = Release|Any CPU
	EndGlobalSection
	GlobalSection(SolutionProperties) = preSolution
		HideSolutionNode = FALSE
	EndGlobalSection
	GlobalSection(ExtensibilityGlobals) = postSolution
		SolutionGuid = {CBD2F548-D5B9-4572-A0CF-C1DE82ABAB30}
	EndGlobalSection
EndGlobal
